Microsoft Visual Studio Solution File, Format Version 11.00
# Visual Studio 2010
Project("{FAE04EC0-301F-11D3-BF4B-00C04F79EFBC}") = "RangeArea", "RangeArea\RangeArea.csproj", "{7180A0B2-780E-438F-B179-192D0807FBE4}"
EndProject
Project("{FAE04EC0-301F-11D3-BF4B-00C04F79EFBC}") = "RangeArea.Web", "RangeArea.Web\RangeArea.Web.csproj", "{4EE49145-987E-41A5-BCCD-E751B2F596C6}"
EndProject
Global
	GlobalSection(SolutionConfigurationPlatforms) = preSolution
		Debug|Any CPU = Debug|Any CPU
		Release|Any CPU = Release|Any CPU
	EndGlobalSection
	GlobalSection(ProjectConfigurationPlatforms) = postSolution
		{7180A0B2-780E-438F-B179-192D0807FBE4}.Debug|Any CPU.ActiveCfg = Debug|Any CPU
		{7180A0B2-780E-438F-B179-192D0807FBE4}.Debug|Any CPU.Build.0 = Debug|Any CPU
		{7180A0B2-780E-438F-B179-192D0807FBE4}.Release|Any CPU.ActiveCfg = Release|Any CPU
		{7180A0B2-780E-438F-B179-192D0807FBE4}.Release|Any CPU.Build.0 = Release|Any CPU
		{4EE49145-987E-41A5-BCCD-E751B2F596C6}.Debug|Any CPU.ActiveCfg = Debug|Any CPU
		{4EE49145-987E-41A5-BCCD-E751B2F596C6}.Debug|Any CPU.Build.0 = Debug|Any CPU
		{4EE49145-987E-41A5-BCCD-E751B2F596C6}.Release|Any CPU.ActiveCfg = Release|Any CPU
		{4EE49145-987E-41A5-BCCD-E751B2F596C6}.Release|Any CPU.Build.0 = Release|Any CPU
	EndGlobalSection
	GlobalSection(SolutionProperties) = preSolution
		HideSolutionNode = FALSE
	EndGlobalSection
EndGlobal
